
Microsoft Visual Studio Solution File, Format Version 12.00
# Visual Studio 15
VisualStudioVersion = 15.0.28307.271
MinimumVisualStudioVersion = 10.0.40219.1
Project("{FAE04EC0-301F-11D3-BF4B-00C04F79EFBC}") = "Models", "Models\Models.csproj", "{15378AD4-8662-4B8B-800B-6C9659C8BC69}"
EndProject
Project("{FAE04EC0-301F-11D3-BF4B-00C04F79EFBC}") = "Catan", "Catan\Catan.csproj", "{B1857B8E-5B92-4B1A-AEA2-533EAF47C06A}"
EndProject
Project("{FAE04EC0-301F-11D3-BF4B-00C04F79EFBC}") = "Logic", "Logic\Logic.csproj", "{61716B76-1B39-4C1B-AB98-2E7AA214A8E6}"
EndProject
Project("{FAE04EC0-301F-11D3-BF4B-00C04F79EFBC}") = "Data", "Data\Data.csproj", "{90674718-E4E4-474F-9E66-8812A74B94B4}"
EndProject
Global
	GlobalSection(SolutionConfigurationPlatforms) = preSolution
		Debug|Any CPU = Debug|Any CPU
		Release|Any CPU = Release|Any CPU
	EndGlobalSection
	GlobalSection(ProjectConfigurationPlatforms) = postSolution
		{15378AD4-8662-4B8B-800B-6C9659C8BC69}.Debug|Any CPU.ActiveCfg = Debug|Any CPU
		{15378AD4-8662-4B8B-800B-6C9659C8BC69}.Debug|Any CPU.Build.0 = Debug|Any CPU
		{15378AD4-8662-4B8B-800B-6C9659C8BC69}.Release|Any CPU.ActiveCfg = Release|Any CPU
		{15378AD4-8662-4B8B-800B-6C9659C8BC69}.Release|Any CPU.Build.0 = Release|Any CPU
		{B1857B8E-5B92-4B1A-AEA2-533EAF47C06A}.Debug|Any CPU.ActiveCfg = Debug|Any CPU
		{B1857B8E-5B92-4B1A-AEA2-533EAF47C06A}.Debug|Any CPU.Build.0 = Debug|Any CPU
		{B1857B8E-5B92-4B1A-AEA2-533EAF47C06A}.Release|Any CPU.ActiveCfg = Release|Any CPU
		{B1857B8E-5B92-4B1A-AEA2-533EAF47C06A}.Release|Any CPU.Build.0 = Release|Any CPU
		{61716B76-1B39-4C1B-AB98-2E7AA214A8E6}.Debug|Any CPU.ActiveCfg = Debug|Any CPU
		{61716B76-1B39-4C1B-AB98-2E7AA214A8E6}.Debug|Any CPU.Build.0 = Debug|Any CPU
		{61716B76-1B39-4C1B-AB98-2E7AA214A8E6}.Release|Any CPU.ActiveCfg = Release|Any CPU
		{61716B76-1B39-4C1B-AB98-2E7AA214A8E6}.Release|Any CPU.Build.0 = Release|Any CPU
		{90674718-E4E4-474F-9E66-8812A74B94B4}.Debug|Any CPU.ActiveCfg = Debug|Any CPU
		{90674718-E4E4-474F-9E66-8812A74B94B4}.Debug|Any CPU.Build.0 = Debug|Any CPU
		{90674718-E4E4-474F-9E66-8812A74B94B4}.Release|Any CPU.ActiveCfg = Release|Any CPU
		{90674718-E4E4-474F-9E66-8812A74B94B4}.Release|Any CPU.Build.0 = Release|Any CPU
	EndGlobalSection
	GlobalSection(SolutionProperties) = preSolution
		HideSolutionNode = FALSE
	EndGlobalSection
	GlobalSection(ExtensibilityGlobals) = postSolution
		SolutionGuid = {32B0C353-492A-4582-856E-767C8BD6AAD2}
	EndGlobalSection
EndGlobal
